// !$*UTF8*$!
{
	archiveVersion = 1;
	classes = {
	};
	objectVersion = 77;
	objects = {

/* Begin PBXBuildFile section */
		652D9B702F65A41C00A4CAAD /* FirebaseAI in Frameworks */ = {isa = PBXBuildFile; productRef = 652D9B6F2F65A41C00A4CAAD /* FirebaseAI */; };
		652D9B722F65A41C00A4CAAD /* FirebaseAILogic in Frameworks */ = {isa = PBXBuildFile; productRef = 652D9B712F65A41C00A4CAAD /* FirebaseAILogic */; };
		652D9B742F65A41C00A4CAAD /* FirebaseAnalytics in Frameworks */ = {isa = PBXBuildFile; productRef = 652D9B732F65A41C00A4CAAD /* FirebaseAnalytics */; };
		652D9B762F65A41C00A4CAAD /* FirebaseAnalyticsCore in Frameworks */ = {isa = PBXBuildFile; productRef = 652D9B752F65A41C00A4CAAD /* FirebaseAnalyticsCore */; };
		652D9B782F65A41C00A4CAAD /* FirebaseAnalyticsIdentitySupport in Frameworks */ = {isa = PBXBuildFile; productRef = 652D9B772F65A41C00A4CAAD /* FirebaseAnalyticsIdentitySupport */; };
		652D9B7A2F65A41C00A4CAAD /* FirebaseAppCheck in Frameworks */ = {isa = PBXBuildFile; productRef = 652D9B792F65A41C00A4CAAD /* FirebaseAppCheck */; };
		652D9B7C2F65A41C00A4CAAD /* FirebaseAppDistribution-Beta in Frameworks */ = {isa = PBXBuildFile; productRef = 652D9B7B2F65A41C00A4CAAD /* FirebaseAppDistribution-Beta */; };
		652D9B7E2F65A41C00A4CAAD /* FirebaseAuth in Frameworks */ = {isa = PBXBuildFile; productRef = 652D9B7D2F65A41C00A4CAAD /* FirebaseAuth */; };
		652D9B802F65A41C00A4CAAD /* FirebaseAuthCombine-Community in Frameworks */ = {isa = PBXBuildFile; productRef = 652D9B7F2F65A41C00A4CAAD /* FirebaseAuthCombine-Community */; };
		652D9B822F65A41C00A4CAAD /* FirebaseCore in Frameworks */ = {isa = PBXBuildFile; productRef = 652D9B812F65A41C00A4CAAD /* FirebaseCore */; };
		652D9B842F65A41D00A4CAAD /* FirebaseCrashlytics in Frameworks */ = {isa = PBXBuildFile; productRef = 652D9B832F65A41D00A4CAAD /* FirebaseCrashlytics */; };
		652D9B862F65A41D00A4CAAD /* FirebaseDatabase in Frameworks */ = {isa = PBXBuildFile; productRef = 652D9B852F65A41D00A4CAAD /* FirebaseDatabase */; };
		652D9B882F65A41D00A4CAAD /* FirebaseFirestore in Frameworks */ = {isa = PBXBuildFile; productRef = 652D9B872F65A41D00A4CAAD /* FirebaseFirestore */; };
		652D9B8A2F65A41D00A4CAAD /* FirebaseFirestoreCombine-Community in Frameworks */ = {isa = PBXBuildFile; productRef = 652D9B892F65A41D00A4CAAD /* FirebaseFirestoreCombine-Community */; };
		652D9B8C2F65A41D00A4CAAD /* FirebaseFunctions in Frameworks */ = {isa = PBXBuildFile; productRef = 652D9B8B2F65A41D00A4CAAD /* FirebaseFunctions */; };
		652D9B8E2F65A41D00A4CAAD /* FirebaseFunctionsCombine-Community in Frameworks */ = {isa = PBXBuildFile; productRef = 652D9B8D2F65A41D00A4CAAD /* FirebaseFunctionsCombine-Community */; };
		652D9B902F65A41D00A4CAAD /* FirebaseInAppMessaging-Beta in Frameworks */ = {isa = PBXBuildFile; productRef = 652D9B8F2F65A41D00A4CAAD /* FirebaseInAppMessaging-Beta */; };
		652D9B922F65A41D00A4CAAD /* FirebaseInstallations in Frameworks */ = {isa = PBXBuildFile; productRef = 652D9B912F65A41D00A4CAAD /* FirebaseInstallations */; };
		652D9B942F65A41D00A4CAAD /* FirebaseMessaging in Frameworks */ = {isa = PBXBuildFile; productRef = 652D9B932F65A41D00A4CAAD /* FirebaseMessaging */; };
		652D9B962F65A41D00A4CAAD /* FirebaseMLModelDownloader in Frameworks */ = {isa = PBXBuildFile; productRef = 652D9B952F65A41D00A4CAAD /* FirebaseMLModelDownloader */; };
		652D9B982F65A41D00A4CAAD /* FirebasePerformance in Frameworks */ = {isa = PBXBuildFile; productRef = 652D9B972F65A41D00A4CAAD /* FirebasePerformance */; };
		652D9B9A2F65A41D00A4CAAD /* FirebaseRemoteConfig in Frameworks */ = {isa = PBXBuildFile; productRef = 652D9B992F65A41D00A4CAAD /* FirebaseRemoteConfig */; };
		652D9B9C2F65A41D00A4CAAD /* FirebaseStorage in Frameworks */ = {isa = PBXBuildFile; productRef = 652D9B9B2F65A41D00A4CAAD /* FirebaseStorage */; };
		652D9B9E2F65A41D00A4CAAD /* FirebaseStorageCombine-Community in Frameworks */ = {isa = PBXBuildFile; productRef = 652D9B9D2F65A41D00A4CAAD /* FirebaseStorageCombine-Community */; };
		652D9BA02F65A42600A4CAAD /* FirebaseAI in Frameworks */ = {isa = PBXBuildFile; productRef = 652D9B9F2F65A42600A4CAAD /* FirebaseAI */; };
		652D9BA22F65A42600A4CAAD /* FirebaseAILogic in Frameworks */ = {isa = PBXBuildFile; productRef = 652D9BA12F65A42600A4CAAD /* FirebaseAILogic */; };
		652D9BA42F65A42600A4CAAD /* FirebaseAnalytics in Frameworks */ = {isa = PBXBuildFile; productRef = 652D9BA32F65A42600A4CAAD /* FirebaseAnalytics */; };
		652D9BA62F65A42600A4CAAD /* FirebaseAnalyticsCore in Frameworks */ = {isa = PBXBuildFile; productRef = 652D9BA52F65A42600A4CAAD /* FirebaseAnalyticsCore */; };
		652D9BA82F65A42600A4CAAD /* FirebaseAnalyticsIdentitySupport in Frameworks */ = {isa = PBXBuildFile; productRef = 652D9BA72F65A42600A4CAAD /* FirebaseAnalyticsIdentitySupport */; };
		652D9BAA2F65A42600A4CAAD /* FirebaseAppCheck in Frameworks */ = {isa = PBXBuildFile; productRef = 652D9BA92F65A42600A4CAAD /* FirebaseAppCheck */; };
		652D9BAC2F65A42600A4CAAD /* FirebaseAppDistribution-Beta in Frameworks */ = {isa = PBXBuildFile; productRef = 652D9BAB2F65A42600A4CAAD /* FirebaseAppDistribution-Beta */; };
		652D9BAE2F65A42600A4CAAD /* FirebaseAuth in Frameworks */ = {isa = PBXBuildFile; productRef = 652D9BAD2F65A42600A4CAAD /* FirebaseAuth */; };
		652D9BB02F65A42600A4CAAD /* FirebaseAuthCombine-Community in Frameworks */ = {isa = PBXBuildFile; productRef = 652D9BAF2F65A42600A4CAAD /* FirebaseAuthCombine-Community */; };
		652D9BB22F65A42600A4CAAD /* FirebaseCore in Frameworks */ = {isa = PBXBuildFile; productRef = 652D9BB12F65A42600A4CAAD /* FirebaseCore */; };
		652D9BB42F65A42600A4CAAD /* FirebaseCrashlytics in Frameworks */ = {isa = PBXBuildFile; productRef = 652D9BB32F65A42600A4CAAD /* FirebaseCrashlytics */; };
		652D9BB62F65A42600A4CAAD /* FirebaseDatabase in Frameworks */ = {isa = PBXBuildFile; productRef = 652D9BB52F65A42600A4CAAD /* FirebaseDatabase */; };
		652D9BB82F65A42600A4CAAD /* FirebaseFirestore in Frameworks */ = {isa = PBXBuildFile; productRef = 652D9BB72F65A42600A4CAAD /* FirebaseFirestore */; };
		652D9BBA2F65A42600A4CAAD /* FirebaseFirestoreCombine-Community in Frameworks */ = {isa = PBXBuildFile; productRef = 652D9BB92F65A42600A4CAAD /* FirebaseFirestoreCombine-Community */; };
		652D9BBC2F65A42600A4CAAD /* FirebaseFunctions in Frameworks */ = {isa = PBXBuildFile; productRef = 652D9BBB2F65A42600A4CAAD /* FirebaseFunctions */; };
		652D9BBE2F65A42600A4CAAD /* FirebaseFunctionsCombine-Community in Frameworks */ = {isa = PBXBuildFile; productRef = 652D9BBD2F65A42600A4CAAD /* FirebaseFunctionsCombine-Community */; };
		652D9BC02F65A42600A4CAAD /* FirebaseInAppMessaging-Beta in Frameworks */ = {isa = PBXBuildFile; productRef = 652D9BBF2F65A42600A4CAAD /* FirebaseInAppMessaging-Beta */; };
		652D9BC22F65A42700A4CAAD /* FirebaseInstallations in Frameworks */ = {isa = PBXBuildFile; productRef = 652D9BC12F65A42700A4CAAD /* FirebaseInstallations */; };
		652D9BC42F65A42700A4CAAD /* FirebaseMessaging in Frameworks */ = {isa = PBXBuildFile; productRef = 652D9BC32F65A42700A4CAAD /* FirebaseMessaging */; };
		652D9BC62F65A42700A4CAAD /* FirebaseMLModelDownloader in Frameworks */ = {isa = PBXBuildFile; productRef = 652D9BC52F65A42700A4CAAD /* FirebaseMLModelDownloader */; };
		652D9BC82F65A42700A4CAAD /* FirebasePerformance in Frameworks */ = {isa = PBXBuildFile; productRef = 652D9BC72F65A42700A4CAAD /* FirebasePerformance */; };
		652D9BCA2F65A42700A4CAAD /* FirebaseRemoteConfig in Frameworks */ = {isa = PBXBuildFile; productRef = 652D9BC92F65A42700A4CAAD /* FirebaseRemoteConfig */; };
		652D9BCC2F65A42700A4CAAD /* FirebaseStorage in Frameworks */ = {isa = PBXBuildFile; productRef = 652D9BCB2F65A42700A4CAAD /* FirebaseStorage */; };
		652D9BCE2F65A42700A4CAAD /* FirebaseStorageCombine-Community in Frameworks */ = {isa = PBXBuildFile; productRef = 652D9BCD2F65A42700A4CAAD /* FirebaseStorageCombine-Community */; };
		6531E9AF2F3125BF001B03BB /* Auth in Frameworks */ = {isa = PBXBuildFile; productRef = 6531E9AE2F3125BF001B03BB /* Auth */; };
		6531E9B12F3125BF001B03BB /* Functions in Frameworks */ = {isa = PBXBuildFile; productRef = 6531E9B02F3125BF001B03BB /* Functions */; };
		6531E9B32F3125BF001B03BB /* PostgREST in Frameworks */ = {isa = PBXBuildFile; productRef = 6531E9B22F3125BF001B03BB /* PostgREST */; };
		6531E9B52F3125BF001B03BB /* Realtime in Frameworks */ = {isa = PBXBuildFile; productRef = 6531E9B42F3125BF001B03BB /* Realtime */; };
		6531E9B72F3125BF001B03BB /* Storage in Frameworks */ = {isa = PBXBuildFile; productRef = 6531E9B62F3125BF001B03BB /* Storage */; };
		6531E9C22F312892001B03BB /* Supabase in Frameworks */ = {isa = PBXBuildFile; productRef = 6531E9C12F312892001B03BB /* Supabase */; };
		6531E9CB2F312C29001B03BB /* Functions in Frameworks */ = {isa = PBXBuildFile; productRef = 6531E9CA2F312C29001B03BB /* Functions */; };
		6531E9CD2F312C29001B03BB /* PostgREST in Frameworks */ = {isa = PBXBuildFile; productRef = 6531E9CC2F312C29001B03BB /* PostgREST */; };
		6531E9CF2F312C29001B03BB /* Realtime in Frameworks */ = {isa = PBXBuildFile; productRef = 6531E9CE2F312C29001B03BB /* Realtime */; };
		6531E9D12F312C29001B03BB /* Storage in Frameworks */ = {isa = PBXBuildFile; productRef = 6531E9D02F312C29001B03BB /* Storage */; };
		6531E9D32F312C29001B03BB /* Supabase in Frameworks */ = {isa = PBXBuildFile; productRef = 6531E9D22F312C29001B03BB /* Supabase */; };
		6541EED52F7492B700BEC720 /* Localizable.xcstrings in Resources */ = {isa = PBXBuildFile; fileRef = 6541EED42F7492B600BEC720 /* Localizable.xcstrings */; };
		6541EED62F7492B700BEC720 /* Localizable.xcstrings in Resources */ = {isa = PBXBuildFile; fileRef = 6541EED42F7492B600BEC720 /* Localizable.xcstrings */; };
		65632D892F4B6FA3007AD01D /* SwiftUIMailView in Frameworks */ = {isa = PBXBuildFile; productRef = 65632D882F4B6FA3007AD01D /* SwiftUIMailView */; };
		65632D8B2F4B70CD007AD01D /* SwiftUIMailView in Frameworks */ = {isa = PBXBuildFile; productRef = 65632D8A2F4B70CD007AD01D /* SwiftUIMailView */; };
		6582F30E2F1BD9F100F7ADAF /* WidgetKit.framework in Frameworks */ = {isa = PBXBuildFile; fileRef = 6582F30D2F1BD9F100F7ADAF /* WidgetKit.framework */; };
		6582F3102F1BD9F100F7ADAF /* SwiftUI.framework in Frameworks */ = {isa = PBXBuildFile; fileRef = 6582F30F2F1BD9F100F7ADAF /* SwiftUI.framework */; };
		6582F31D2F1BD9F300F7ADAF /* LavoraMiWidgetExtension.appex in Embed Foundation Extensions */ = {isa = PBXBuildFile; fileRef = 6582F30B2F1BD9F000F7ADAF /* LavoraMiWidgetExtension.appex */; settings = {ATTRIBUTES = (RemoveHeadersOnCopy, ); }; };
/* End PBXBuildFile section */

/* Begin PBXContainerItemProxy section */
		6582F31B2F1BD9F300F7ADAF /* PBXContainerItemProxy */ = {
			isa = PBXContainerItemProxy;
			containerPortal = 65101F522F0BF3EF0078A19C /* Project object */;
			proxyType = 1;
			remoteGlobalIDString = 6582F30A2F1BD9F000F7ADAF;
			remoteInfo = LavoraMiWidgetExtension;
		};
/* End PBXContainerItemProxy section */

/* Begin PBXCopyFilesBuildPhase section */
		6582F3222F1BD9F300F7ADAF /* Embed Foundation Extensions */ = {
			isa = PBXCopyFilesBuildPhase;
			buildActionMask = 2147483647;
			dstPath = "";
			dstSubfolderSpec = 13;
			files = (
				6582F31D2F1BD9F300F7ADAF /* LavoraMiWidgetExtension.appex in Embed Foundation Extensions */,
			);
			name = "Embed Foundation Extensions";
			runOnlyForDeploymentPostprocessing = 0;
		};
/* End PBXCopyFilesBuildPhase section */

/* Begin PBXFileReference section */
		65101F5A2F0BF3EF0078A19C /* LavoraMi.app */ = {isa = PBXFileReference; explicitFileType = wrapper.application; includeInIndex = 0; path = LavoraMi.app; sourceTree = BUILT_PRODUCTS_DIR; };
		6541EED42F7492B600BEC720 /* Localizable.xcstrings */ = {isa = PBXFileReference; lastKnownFileType = text.json.xcstrings; path = Localizable.xcstrings; sourceTree = "<group>"; };
		6582F30B2F1BD9F000F7ADAF /* LavoraMiWidgetExtension.appex */ = {isa = PBXFileReference; explicitFileType = "wrapper.app-extension"; includeInIndex = 0; path = LavoraMiWidgetExtension.appex; sourceTree = BUILT_PRODUCTS_DIR; };
		6582F30D2F1BD9F100F7ADAF /* WidgetKit.framework */ = {isa = PBXFileReference; lastKnownFileType = wrapper.framework; name = WidgetKit.framework; path = System/Library/Frameworks/WidgetKit.framework; sourceTree = SDKROOT; };
		6582F30F2F1BD9F100F7ADAF /* SwiftUI.framework */ = {isa = PBXFileReference; lastKnownFileType = wrapper.framework; name = SwiftUI.framework; path = System/Library/Frameworks/SwiftUI.framework; sourceTree = SDKROOT; };
		6582F3242F1BE09300F7ADAF /* LavoraMiWidgetExtension.entitlements */ = {isa = PBXFileReference; lastKnownFileType = text.plist.entitlements; path = LavoraMiWidgetExtension.entitlements; sourceTree = "<group>"; };
/* End PBXFileReference section */

/* Begin PBXFileSystemSynchronizedBuildFileExceptionSet section */
		652D9B6D2F65A34D00A4CAAD /* Exceptions for "LavoraMi" folder in "LavoraMi" target */ = {
			isa = PBXFileSystemSynchronizedBuildFileExceptionSet;
			membershipExceptions = (
				Info.plist,
			);
			target = 65101F592F0BF3EF0078A19C /* LavoraMi */;
		};
		656CF4BD2F1CF244002160CE /* Exceptions for "LavoraMiWidget" folder in "LavoraMi" target */ = {
			isa = PBXFileSystemSynchronizedBuildFileExceptionSet;
			membershipExceptions = (
				LavoraMiWidget.swift,
			);
			target = 65101F592F0BF3EF0078A19C /* LavoraMi */;
		};
		6582F31E2F1BD9F300F7ADAF /* Exceptions for "LavoraMiWidget" folder in "LavoraMiWidgetExtension" target */ = {
			isa = PBXFileSystemSynchronizedBuildFileExceptionSet;
			membershipExceptions = (
				Info.plist,
			);
			target = 6582F30A2F1BD9F000F7ADAF /* LavoraMiWidgetExtension */;
		};
		6582F3292F1BEB6100F7ADAF /* Exceptions for "LavoraMi" folder in "LavoraMiWidgetExtension" target */ = {
			isa = PBXFileSystemSynchronizedBuildFileExceptionSet;
			membershipExceptions = (
				BiometricAuth.swift,
				ContentView.swift,
				"GoogleService-Info.plist",
				GTFSHelper.swift,
				NetworkMonitor.swift,
				NotificationManager.swift,
				SharedData.swift,
				SplashScreenView.swift,
				StationsDB.swift,
				SupabaseAuth/AuthManager.swift,
				SupabaseAuth/SupabaseClient.swift,
				"TitilliumWeb-Bold.ttf",
				WorkViewModel.swift,
			);
			target = 6582F30A2F1BD9F000F7ADAF /* LavoraMiWidgetExtension */;
		};
/* End PBXFileSystemSynchronizedBuildFileExceptionSet section */

/* Begin PBXFileSystemSynchronizedRootGroup section */
		65101F5C2F0BF3EF0078A19C /* LavoraMi */ = {
			isa = PBXFileSystemSynchronizedRootGroup;
			exceptions = (
				652D9B6D2F65A34D00A4CAAD /* Exceptions for "LavoraMi" folder in "LavoraMi" target */,
				6582F3292F1BEB6100F7ADAF /* Exceptions for "LavoraMi" folder in "LavoraMiWidgetExtension" target */,
			);
			path = LavoraMi;
			sourceTree = "<group>";
		};
		6582F3112F1BD9F100F7ADAF /* LavoraMiWidget */ = {
			isa = PBXFileSystemSynchronizedRootGroup;
			exceptions = (
				656CF4BD2F1CF244002160CE /* Exceptions for "LavoraMiWidget" folder in "LavoraMi" target */,
				6582F31E2F1BD9F300F7ADAF /* Exceptions for "LavoraMiWidget" folder in "LavoraMiWidgetExtension" target */,
			);
			path = LavoraMiWidget;
			sourceTree = "<group>";
		};
/* End PBXFileSystemSynchronizedRootGroup section */

/* Begin PBXFrameworksBuildPhase section */
		65101F572F0BF3EF0078A19C /* Frameworks */ = {
			isa = PBXFrameworksBuildPhase;
			buildActionMask = 2147483647;
			files = (
				652D9B722F65A41C00A4CAAD /* FirebaseAILogic in Frameworks */,
				652D9B7E2F65A41C00A4CAAD /* FirebaseAuth in Frameworks */,
				652D9B822F65A41C00A4CAAD /* FirebaseCore in Frameworks */,
				652D9B7A2F65A41C00A4CAAD /* FirebaseAppCheck in Frameworks */,
				6531E9B32F3125BF001B03BB /* PostgREST in Frameworks */,
				6531E9B12F3125BF001B03BB /* Functions in Frameworks */,
				652D9B8E2F65A41D00A4CAAD /* FirebaseFunctionsCombine-Community in Frameworks */,
				652D9B8A2F65A41D00A4CAAD /* FirebaseFirestoreCombine-Community in Frameworks */,
				652D9B942F65A41D00A4CAAD /* FirebaseMessaging in Frameworks */,
				65632D892F4B6FA3007AD01D /* SwiftUIMailView in Frameworks */,
				6531E9C22F312892001B03BB /* Supabase in Frameworks */,
				652D9B8C2F65A41D00A4CAAD /* FirebaseFunctions in Frameworks */,
				652D9B902F65A41D00A4CAAD /* FirebaseInAppMessaging-Beta in Frameworks */,
				6531E9AF2F3125BF001B03BB /* Auth in Frameworks */,
				652D9B982F65A41D00A4CAAD /* FirebasePerformance in Frameworks */,
				652D9B7C2F65A41C00A4CAAD /* FirebaseAppDistribution-Beta in Frameworks */,
				652D9B702F65A41C00A4CAAD /* FirebaseAI in Frameworks */,
				652D9B762F65A41C00A4CAAD /* FirebaseAnalyticsCore in Frameworks */,
				652D9B782F65A41C00A4CAAD /* FirebaseAnalyticsIdentitySupport in Frameworks */,
				652D9B9A2F65A41D00A4CAAD /* FirebaseRemoteConfig in Frameworks */,
				652D9B882F65A41D00A4CAAD /* FirebaseFirestore in Frameworks */,
				6531E9B72F3125BF001B03BB /* Storage in Frameworks */,
				652D9B922F65A41D00A4CAAD /* FirebaseInstallations in Frameworks */,
				652D9B9C2F65A41D00A4CAAD /* FirebaseStorage in Frameworks */,
				652D9B742F65A41C00A4CAAD /* FirebaseAnalytics in Frameworks */,
				652D9B842F65A41D00A4CAAD /* FirebaseCrashlytics in Frameworks */,
				652D9B862F65A41D00A4CAAD /* FirebaseDatabase in Frameworks */,
				652D9B9E2F65A41D00A4CAAD /* FirebaseStorageCombine-Community in Frameworks */,
				652D9B962F65A41D00A4CAAD /* FirebaseMLModelDownloader in Frameworks */,
				6531E9B52F3125BF001B03BB /* Realtime in Frameworks */,
				652D9B802F65A41C00A4CAAD /* FirebaseAuthCombine-Community in Frameworks */,
			);
			runOnlyForDeploymentPostprocessing = 0;
		};
		6582F3082F1BD9F000F7ADAF /* Frameworks */ = {
			isa = PBXFrameworksBuildPhase;
			buildActionMask = 2147483647;
			files = (
				652D9BC42F65A42700A4CAAD /* FirebaseMessaging in Frameworks */,
				65632D8B2F4B70CD007AD01D /* SwiftUIMailView in Frameworks */,
				652D9BA82F65A42600A4CAAD /* FirebaseAnalyticsIdentitySupport in Frameworks */,
				652D9BAC2F65A42600A4CAAD /* FirebaseAppDistribution-Beta in Frameworks */,
				652D9BCC2F65A42700A4CAAD /* FirebaseStorage in Frameworks */,
				652D9BC82F65A42700A4CAAD /* FirebasePerformance in Frameworks */,
				652D9BB02F65A42600A4CAAD /* FirebaseAuthCombine-Community in Frameworks */,
				652D9BC02F65A42600A4CAAD /* FirebaseInAppMessaging-Beta in Frameworks */,
				6582F3102F1BD9F100F7ADAF /* SwiftUI.framework in Frameworks */,
				652D9BBA2F65A42600A4CAAD /* FirebaseFirestoreCombine-Community in Frameworks */,
				652D9BCE2F65A42700A4CAAD /* FirebaseStorageCombine-Community in Frameworks */,
				652D9BCA2F65A42700A4CAAD /* FirebaseRemoteConfig in Frameworks */,
				652D9BA02F65A42600A4CAAD /* FirebaseAI in Frameworks */,
				652D9BAA2F65A42600A4CAAD /* FirebaseAppCheck in Frameworks */,
				6582F30E2F1BD9F100F7ADAF /* WidgetKit.framework in Frameworks */,
				652D9BA22F65A42600A4CAAD /* FirebaseAILogic in Frameworks */,
				6531E9D12F312C29001B03BB /* Storage in Frameworks */,
				652D9BB62F65A42600A4CAAD /* FirebaseDatabase in Frameworks */,
				652D9BA42F65A42600A4CAAD /* FirebaseAnalytics in Frameworks */,
				652D9BA62F65A42600A4CAAD /* FirebaseAnalyticsCore in Frameworks */,
				652D9BC22F65A42700A4CAAD /* FirebaseInstallations in Frameworks */,
				6531E9CB2F312C29001B03BB /* Functions in Frameworks */,
				6531E9D32F312C29001B03BB /* Supabase in Frameworks */,
				652D9BB42F65A42600A4CAAD /* FirebaseCrashlytics in Frameworks */,
				652D9BBC2F65A42600A4CAAD /* FirebaseFunctions in Frameworks */,
				6531E9CF2F312C29001B03BB /* Realtime in Frameworks */,
				6531E9CD2F312C29001B03BB /* PostgREST in Frameworks */,
				652D9BB22F65A42600A4CAAD /* FirebaseCore in Frameworks */,
				652D9BAE2F65A42600A4CAAD /* FirebaseAuth in Frameworks */,
				652D9BB82F65A42600A4CAAD /* FirebaseFirestore in Frameworks */,
				652D9BBE2F65A42600A4CAAD /* FirebaseFunctionsCombine-Community in Frameworks */,
				652D9BC62F65A42700A4CAAD /* FirebaseMLModelDownloader in Frameworks */,
			);
			runOnlyForDeploymentPostprocessing = 0;
		};
/* End PBXFrameworksBuildPhase section */

/* Begin PBXGroup section */
		65101F512F0BF3EF0078A19C = {
			isa = PBXGroup;
			children = (
				6541EED42F7492B600BEC720 /* Localizable.xcstrings */,
				6582F3242F1BE09300F7ADAF /* LavoraMiWidgetExtension.entitlements */,
				65101F5C2F0BF3EF0078A19C /* LavoraMi */,
				6582F3112F1BD9F100F7ADAF /* LavoraMiWidget */,
				6582F30C2F1BD9F100F7ADAF /* Frameworks */,
				65101F5B2F0BF3EF0078A19C /* Products */,
			);
			sourceTree = "<group>";
		};
		65101F5B2F0BF3EF0078A19C /* Products */ = {
			isa = PBXGroup;
			children = (
				65101F5A2F0BF3EF0078A19C /* LavoraMi.app */,
				6582F30B2F1BD9F000F7ADAF /* LavoraMiWidgetExtension.appex */,
			);
			name = Products;
			sourceTree = "<group>";
		};
		6582F30C2F1BD9F100F7ADAF /* Frameworks */ = {
			isa = PBXGroup;
			children = (
				6582F30D2F1BD9F100F7ADAF /* WidgetKit.framework */,
				6582F30F2F1BD9F100F7ADAF /* SwiftUI.framework */,
			);
			name = Frameworks;
			sourceTree = "<group>";
		};
/* End PBXGroup section */

/* Begin PBXNativeTarget section */
		65101F592F0BF3EF0078A19C /* LavoraMi */ = {
			isa = PBXNativeTarget;
			buildConfigurationList = 65101F652F0BF3F00078A19C /* Build configuration list for PBXNativeTarget "LavoraMi" */;
			buildPhases = (
				65101F562F0BF3EF0078A19C /* Sources */,
				65101F572F0BF3EF0078A19C /* Frameworks */,
				65101F582F0BF3EF0078A19C /* Resources */,
				6582F3222F1BD9F300F7ADAF /* Embed Foundation Extensions */,
			);
			buildRules = (
			);
			dependencies = (
				6582F31C2F1BD9F300F7ADAF /* PBXTargetDependency */,
			);
			fileSystemSynchronizedGroups = (
				65101F5C2F0BF3EF0078A19C /* LavoraMi */,
			);
			name = LavoraMi;
			packageProductDependencies = (
				6531E9AE2F3125BF001B03BB /* Auth */,
				6531E9B02F3125BF001B03BB /* Functions */,
				6531E9B22F3125BF001B03BB /* PostgREST */,
				6531E9B42F3125BF001B03BB /* Realtime */,
				6531E9B62F3125BF001B03BB /* Storage */,
				6531E9C12F312892001B03BB /* Supabase */,
				65632D882F4B6FA3007AD01D /* SwiftUIMailView */,
				652D9B6F2F65A41C00A4CAAD /* FirebaseAI */,
				652D9B712F65A41C00A4CAAD /* FirebaseAILogic */,
				652D9B732F65A41C00A4CAAD /* FirebaseAnalytics */,
				652D9B752F65A41C00A4CAAD /* FirebaseAnalyticsCore */,
				652D9B772F65A41C00A4CAAD /* FirebaseAnalyticsIdentitySupport */,
				652D9B792F65A41C00A4CAAD /* FirebaseAppCheck */,
				652D9B7B2F65A41C00A4CAAD /* FirebaseAppDistribution-Beta */,
				652D9B7D2F65A41C00A4CAAD /* FirebaseAuth */,
				652D9B7F2F65A41C00A4CAAD /* FirebaseAuthCombine-Community */,
				652D9B812F65A41C00A4CAAD /* FirebaseCore */,
				652D9B832F65A41D00A4CAAD /* FirebaseCrashlytics */,
				652D9B852F65A41D00A4CAAD /* FirebaseDatabase */,
				652D9B872F65A41D00A4CAAD /* FirebaseFirestore */,
				652D9B892F65A41D00A4CAAD /* FirebaseFirestoreCombine-Community */,
				652D9B8B2F65A41D00A4CAAD /* FirebaseFunctions */,
				652D9B8D2F65A41D00A4CAAD /* FirebaseFunctionsCombine-Community */,
				652D9B8F2F65A41D00A4CAAD /* FirebaseInAppMessaging-Beta */,
				652D9B912F65A41D00A4CAAD /* FirebaseInstallations */,
				652D9B932F65A41D00A4CAAD /* FirebaseMessaging */,
				652D9B952F65A41D00A4CAAD /* FirebaseMLModelDownloader */,
				652D9B972F65A41D00A4CAAD /* FirebasePerformance */,
				652D9B992F65A41D00A4CAAD /* FirebaseRemoteConfig */,
				652D9B9B2F65A41D00A4CAAD /* FirebaseStorage */,
				652D9B9D2F65A41D00A4CAAD /* FirebaseStorageCombine-Community */,
			);
			productName = LavoraMi;
			productReference = 65101F5A2F0BF3EF0078A19C /* LavoraMi.app */;
			productType = "com.apple.product-type.application";
		};
		6582F30A2F1BD9F000F7ADAF /* LavoraMiWidgetExtension */ = {
			isa = PBXNativeTarget;
			buildConfigurationList = 6582F31F2F1BD9F300F7ADAF /* Build configuration list for PBXNativeTarget "LavoraMiWidgetExtension" */;
			buildPhases = (
				6582F3072F1BD9F000F7ADAF /* Sources */,
				6582F3082F1BD9F000F7ADAF /* Frameworks */,
				6582F3092F1BD9F000F7ADAF /* Resources */,
			);
			buildRules = (
			);
			dependencies = (
			);
			fileSystemSynchronizedGroups = (
				6582F3112F1BD9F100F7ADAF /* LavoraMiWidget */,
			);
			name = LavoraMiWidgetExtension;
			packageProductDependencies = (
				6531E9CA2F312C29001B03BB /* Functions */,
				6531E9CC2F312C29001B03BB /* PostgREST */,
				6531E9CE2F312C29001B03BB /* Realtime */,
				6531E9D02F312C29001B03BB /* Storage */,
				6531E9D22F312C29001B03BB /* Supabase */,
				65632D8A2F4B70CD007AD01D /* SwiftUIMailView */,
				652D9B9F2F65A42600A4CAAD /* FirebaseAI */,
				652D9BA12F65A42600A4CAAD /* FirebaseAILogic */,
				652D9BA32F65A42600A4CAAD /* FirebaseAnalytics */,
				652D9BA52F65A42600A4CAAD /* FirebaseAnalyticsCore */,
				652D9BA72F65A42600A4CAAD /* FirebaseAnalyticsIdentitySupport */,
				652D9BA92F65A42600A4CAAD /* FirebaseAppCheck */,
				652D9BAB2F65A42600A4CAAD /* FirebaseAppDistribution-Beta */,
				652D9BAD2F65A42600A4CAAD /* FirebaseAuth */,
				652D9BAF2F65A42600A4CAAD /* FirebaseAuthCombine-Community */,
				652D9BB12F65A42600A4CAAD /* FirebaseCore */,
				652D9BB32F65A42600A4CAAD /* FirebaseCrashlytics */,
				652D9BB52F65A42600A4CAAD /* FirebaseDatabase */,
				652D9BB72F65A42600A4CAAD /* FirebaseFirestore */,
				652D9BB92F65A42600A4CAAD /* FirebaseFirestoreCombine-Community */,
				652D9BBB2F65A42600A4CAAD /* FirebaseFunctions */,
				652D9BBD2F65A42600A4CAAD /* FirebaseFunctionsCombine-Community */,
				652D9BBF2F65A42600A4CAAD /* FirebaseInAppMessaging-Beta */,
				652D9BC12F65A42700A4CAAD /* FirebaseInstallations */,
				652D9BC32F65A42700A4CAAD /* FirebaseMessaging */,
				652D9BC52F65A42700A4CAAD /* FirebaseMLModelDownloader */,
				652D9BC72F65A42700A4CAAD /* FirebasePerformance */,
				652D9BC92F65A42700A4CAAD /* FirebaseRemoteConfig */,
				652D9BCB2F65A42700A4CAAD /* FirebaseStorage */,
				652D9BCD2F65A42700A4CAAD /* FirebaseStorageCombine-Community */,
			);
			productName = LavoraMiWidgetExtension;
			productReference = 6582F30B2F1BD9F000F7ADAF /* LavoraMiWidgetExtension.appex */;
			productType = "com.apple.product-type.app-extension";
		};
/* End PBXNativeTarget section */

/* Begin PBXProject section */
		65101F522F0BF3EF0078A19C /* Project object */ = {
			isa = PBXProject;
			attributes = {
				BuildIndependentTargetsInParallel = 1;
				LastSwiftUpdateCheck = 2620;
				LastUpgradeCheck = 2640;
				TargetAttributes = {
					65101F592F0BF3EF0078A19C = {
						CreatedOnToolsVersion = 26.2;
					};
					6582F30A2F1BD9F000F7ADAF = {
						CreatedOnToolsVersion = 26.2;
					};
				};
			};
			buildConfigurationList = 65101F552F0BF3EF0078A19C /* Build configuration list for PBXProject "LavoraMi" */;
			developmentRegion = it;
			hasScannedForEncodings = 0;
			knownRegions = (
				Base,
				it,
				en,
			);
			mainGroup = 65101F512F0BF3EF0078A19C;
			minimizedProjectReferenceProxies = 1;
			packageReferences = (
				6531E9AD2F3125BF001B03BB /* XCRemoteSwiftPackageReference "supabase-swift" */,
				65632D872F4B6F64007AD01D /* XCRemoteSwiftPackageReference "swiftui-mail-view" */,
				652D9B6E2F65A3FA00A4CAAD /* XCRemoteSwiftPackageReference "firebase-ios-sdk" */,
			);
			preferredProjectObjectVersion = 77;
			productRefGroup = 65101F5B2F0BF3EF0078A19C /* Products */;
			projectDirPath = "";
			projectRoot = "";
			targets = (
				65101F592F0BF3EF0078A19C /* LavoraMi */,
				6582F30A2F1BD9F000F7ADAF /* LavoraMiWidgetExtension */,
			);
		};
/* End PBXProject section */

/* Begin PBXResourcesBuildPhase section */
		65101F582F0BF3EF0078A19C /* Resources */ = {
			isa = PBXResourcesBuildPhase;
			buildActionMask = 2147483647;
			files = (
				6541EED52F7492B700BEC720 /* Localizable.xcstrings in Resources */,
			);
			runOnlyForDeploymentPostprocessing = 0;
		};
		6582F3092F1BD9F000F7ADAF /* Resources */ = {
			isa = PBXResourcesBuildPhase;
			buildActionMask = 2147483647;
			files = (
				6541EED62F7492B700BEC720 /* Localizable.xcstrings in Resources */,
			);
			runOnlyForDeploymentPostprocessing = 0;
		};
/* End PBXResourcesBuildPhase section */

/* Begin PBXSourcesBuildPhase section */
		65101F562F0BF3EF0078A19C /* Sources */ = {
			isa = PBXSourcesBuildPhase;
			buildActionMask = 2147483647;
			files = (
			);
			runOnlyForDeploymentPostprocessing = 0;
		};
		6582F3072F1BD9F000F7ADAF /* Sources */ = {
			isa = PBXSourcesBuildPhase;
			buildActionMask = 2147483647;
			files = (
			);
			runOnlyForDeploymentPostprocessing = 0;
		};
/* End PBXSourcesBuildPhase section */

/* Begin PBXTargetDependency section */
		6582F31C2F1BD9F300F7ADAF /* PBXTargetDependency */ = {
			isa = PBXTargetDependency;
			target = 6582F30A2F1BD9F000F7ADAF /* LavoraMiWidgetExtension */;
			targetProxy = 6582F31B2F1BD9F300F7ADAF /* PBXContainerItemProxy */;
		};
/* End PBXTargetDependency section */

/* Begin XCBuildConfiguration section */
		65101F632F0BF3F00078A19C /* Debug */ = {
			isa = XCBuildConfiguration;
			buildSettings = {
				ALWAYS_SEARCH_USER_PATHS = NO;
				ASSETCATALOG_COMPILER_GENERATE_SWIFT_ASSET_SYMBOL_EXTENSIONS = YES;
				CLANG_ANALYZER_LOCALIZABILITY_NONLOCALIZED = YES;
				CLANG_ANALYZER_NONNULL = YES;
				CLANG_ANALYZER_NUMBER_OBJECT_CONVERSION = YES_AGGRESSIVE;
				CLANG_CXX_LANGUAGE_STANDARD = "gnu++20";
				CLANG_ENABLE_MODULES = YES;
				CLANG_ENABLE_OBJC_ARC = YES;
				CLANG_ENABLE_OBJC_WEAK = YES;
				CLANG_WARN_BLOCK_CAPTURE_AUTORELEASING = YES;
				CLANG_WARN_BOOL_CONVERSION = YES;
				CLANG_WARN_COMMA = YES;
				CLANG_WARN_CONSTANT_CONVERSION = YES;
				CLANG_WARN_DEPRECATED_OBJC_IMPLEMENTATIONS = YES;
				CLANG_WARN_DIRECT_OBJC_ISA_USAGE = YES_ERROR;
				CLANG_WARN_DOCUMENTATION_COMMENTS = YES;
				CLANG_WARN_EMPTY_BODY = YES;
				CLANG_WARN_ENUM_CONVERSION = YES;
				CLANG_WARN_INFINITE_RECURSION = YES;
				CLANG_WARN_INT_CONVERSION = YES;
				CLANG_WARN_NON_LITERAL_NULL_CONVERSION = YES;
				CLANG_WARN_OBJC_IMPLICIT_RETAIN_SELF = YES;
				CLANG_WARN_OBJC_LITERAL_CONVERSION = YES;
				CLANG_WARN_OBJC_ROOT_CLASS = YES_ERROR;
				CLANG_WARN_QUOTED_INCLUDE_IN_FRAMEWORK_HEADER = YES;
				CLANG_WARN_RANGE_LOOP_ANALYSIS = YES;
				CLANG_WARN_STRICT_PROTOTYPES = YES;
				CLANG_WARN_SUSPICIOUS_MOVE = YES;
				CLANG_WARN_UNGUARDED_AVAILABILITY = YES_AGGRESSIVE;
				CLANG_WARN_UNREACHABLE_CODE = YES;
				CLANG_WARN__DUPLICATE_METHOD_MATCH = YES;
				COPY_PHASE_STRIP = NO;
				DEBUG_INFORMATION_FORMAT = dwarf;
				DEVELOPMENT_TEAM = 95V84RP6J7;
				ENABLE_STRICT_OBJC_MSGSEND = YES;
				ENABLE_TESTABILITY = YES;
				ENABLE_USER_SCRIPT_SANDBOXING = YES;
				GCC_C_LANGUAGE_STANDARD = gnu17;
				GCC_DYNAMIC_NO_PIC = NO;
				GCC_NO_COMMON_BLOCKS = YES;
				GCC_OPTIMIZATION_LEVEL = 0;
				GCC_PREPROCESSOR_DEFINITIONS = (
					"DEBUG=1",
					"$(inherited)",
				);
				GCC_WARN_64_TO_32_BIT_CONVERSION = YES;
				GCC_WARN_ABOUT_RETURN_TYPE = YES_ERROR;
				GCC_WARN_UNDECLARED_SELECTOR = YES;
				GCC_WARN_UNINITIALIZED_AUTOS = YES_AGGRESSIVE;
				GCC_WARN_UNUSED_FUNCTION = YES;
				GCC_WARN_UNUSED_VARIABLE = YES;
				IPHONEOS_DEPLOYMENT_TARGET = 26.2;
				LOCALIZATION_PREFERS_STRING_CATALOGS = YES;
				MTL_ENABLE_DEBUG_INFO = INCLUDE_SOURCE;
				MTL_FAST_MATH = YES;
				ONLY_ACTIVE_ARCH = YES;
				SDKROOT = iphoneos;
				STRING_CATALOG_GENERATE_SYMBOLS = YES;
				SWIFT_ACTIVE_COMPILATION_CONDITIONS = "DEBUG $(inherited)";
				SWIFT_EMIT_LOC_STRINGS = YES;
				SWIFT_OPTIMIZATION_LEVEL = "-Onone";
			};
			name = Debug;
		};
		65101F642F0BF3F00078A19C /* Release */ = {
			isa = XCBuildConfiguration;
			buildSettings = {
				ALWAYS_SEARCH_USER_PATHS = NO;
				ASSETCATALOG_COMPILER_GENERATE_SWIFT_ASSET_SYMBOL_EXTENSIONS = YES;
				CLANG_ANALYZER_LOCALIZABILITY_NONLOCALIZED = YES;
				CLANG_ANALYZER_NONNULL = YES;
				CLANG_ANALYZER_NUMBER_OBJECT_CONVERSION = YES_AGGRESSIVE;
				CLANG_CXX_LANGUAGE_STANDARD = "gnu++20";
				CLANG_ENABLE_MODULES = YES;
				CLANG_ENABLE_OBJC_ARC = YES;
				CLANG_ENABLE_OBJC_WEAK = YES;
				CLANG_WARN_BLOCK_CAPTURE_AUTORELEASING = YES;
				CLANG_WARN_BOOL_CONVERSION = YES;
				CLANG_WARN_COMMA = YES;
				CLANG_WARN_CONSTANT_CONVERSION = YES;
				CLANG_WARN_DEPRECATED_OBJC_IMPLEMENTATIONS = YES;
				CLANG_WARN_DIRECT_OBJC_ISA_USAGE = YES_ERROR;
				CLANG_WARN_DOCUMENTATION_COMMENTS = YES;
				CLANG_WARN_EMPTY_BODY = YES;
				CLANG_WARN_ENUM_CONVERSION = YES;
				CLANG_WARN_INFINITE_RECURSION = YES;
				CLANG_WARN_INT_CONVERSION = YES;
				CLANG_WARN_NON_LITERAL_NULL_CONVERSION = YES;
				CLANG_WARN_OBJC_IMPLICIT_RETAIN_SELF = YES;
				CLANG_WARN_OBJC_LITERAL_CONVERSION = YES;
				CLANG_WARN_OBJC_ROOT_CLASS = YES_ERROR;
				CLANG_WARN_QUOTED_INCLUDE_IN_FRAMEWORK_HEADER = YES;
				CLANG_WARN_RANGE_LOOP_ANALYSIS = YES;
				CLANG_WARN_STRICT_PROTOTYPES = YES;
				CLANG_WARN_SUSPICIOUS_MOVE = YES;
				CLANG_WARN_UNGUARDED_AVAILABILITY = YES_AGGRESSIVE;
				CLANG_WARN_UNREACHABLE_CODE = YES;
				CLANG_WARN__DUPLICATE_METHOD_MATCH = YES;
				COPY_PHASE_STRIP = NO;
				DEBUG_INFORMATION_FORMAT = "dwarf-with-dsym";
				DEVELOPMENT_TEAM = 95V84RP6J7;
				ENABLE_NS_ASSERTIONS = NO;
				ENABLE_STRICT_OBJC_MSGSEND = YES;
				ENABLE_USER_SCRIPT_SANDBOXING = YES;
				GCC_C_LANGUAGE_STANDARD = gnu17;
				GCC_NO_COMMON_BLOCKS = YES;
				GCC_WARN_64_TO_32_BIT_CONVERSION = YES;
				GCC_WARN_ABOUT_RETURN_TYPE = YES_ERROR;
				GCC_WARN_UNDECLARED_SELECTOR = YES;
				GCC_WARN_UNINITIALIZED_AUTOS = YES_AGGRESSIVE;
				GCC_WARN_UNUSED_FUNCTION = YES;
				GCC_WARN_UNUSED_VARIABLE = YES;
				IPHONEOS_DEPLOYMENT_TARGET = 26.2;
				LOCALIZATION_PREFERS_STRING_CATALOGS = YES;
				MTL_ENABLE_DEBUG_INFO = NO;
				MTL_FAST_MATH = YES;
				SDKROOT = iphoneos;
				STRING_CATALOG_GENERATE_SYMBOLS = YES;
				SWIFT_COMPILATION_MODE = wholemodule;
				SWIFT_EMIT_LOC_STRINGS = YES;
				VALIDATE_PRODUCT = YES;
			};
			name = Release;
		};
		65101F662F0BF3F00078A19C /* Debug */ = {
			isa = XCBuildConfiguration;
			buildSettings = {
				ASSETCATALOG_COMPILER_APPICON_NAME = AppIcon;
				ASSETCATALOG_COMPILER_GLOBAL_ACCENT_COLOR_NAME = AccentColor;
				ASSETCATALOG_COMPILER_INCLUDE_ALL_APPICON_ASSETS = NO;
				CODE_SIGN_ENTITLEMENTS = LavoraMi/LavoraMi.entitlements;
				CODE_SIGN_STYLE = Automatic;
				CURRENT_PROJECT_VERSION = 0205202616;
				DEVELOPMENT_TEAM = PQ7FQDYZLY;
				ENABLE_PREVIEWS = YES;
				GENERATE_INFOPLIST_FILE = YES;
				INFOPLIST_FILE = LavoraMi/Info.plist;
				INFOPLIST_KEY_LSApplicationCategoryType = "public.app-category.travel";
				INFOPLIST_KEY_NSFaceIDUsageDescription = "Per proteggere i tuoi dati personali e garantire un accesso sicuro al tuo Account.";
				INFOPLIST_KEY_UIApplicationSceneManifest_Generation = YES;
				INFOPLIST_KEY_UIApplicationSupportsIndirectInputEvents = YES;
				INFOPLIST_KEY_UILaunchScreen_Generation = YES;
				INFOPLIST_KEY_UIRequiresFullScreen = YES;
				INFOPLIST_KEY_UISupportedInterfaceOrientations = UIInterfaceOrientationPortrait;
				INFOPLIST_KEY_UISupportedInterfaceOrientations_iPad = "UIInterfaceOrientationPortrait UIInterfaceOrientationPortraitUpsideDown";
				IPHONEOS_DEPLOYMENT_TARGET = 17.4;
				LD_RUNPATH_SEARCH_PATHS = (
					"$(inherited)",
					"@executable_path/Frameworks",
				);
				MARKETING_VERSION = 1.1.4;
				PRODUCT_BUNDLE_IDENTIFIER = com.lavorami.lavoramiapp;
				PRODUCT_NAME = "$(TARGET_NAME)";
				STRING_CATALOG_GENERATE_SYMBOLS = YES;
				SUPPORTED_PLATFORMS = "iphoneos iphonesimulator";
				SUPPORTS_MACCATALYST = NO;
				SUPPORTS_MAC_DESIGNED_FOR_IPHONE_IPAD = NO;
				SUPPORTS_XR_DESIGNED_FOR_IPHONE_IPAD = NO;
				SWIFT_APPROACHABLE_CONCURRENCY = YES;
				SWIFT_DEFAULT_ACTOR_ISOLATION = MainActor;
				SWIFT_EMIT_LOC_STRINGS = YES;
				SWIFT_UPCOMING_FEATURE_MEMBER_IMPORT_VISIBILITY = YES;
				SWIFT_VERSION = 5.0;
				TARGETED_DEVICE_FAMILY = "1,2";
			};
			name = Debug;
		};
		65101F672F0BF3F00078A19C /* Release */ = {
			isa = XCBuildConfiguration;
			buildSettings = {
				ASSETCATALOG_COMPILER_APPICON_NAME = AppIcon;
				ASSETCATALOG_COMPILER_GLOBAL_ACCENT_COLOR_NAME = AccentColor;
				ASSETCATALOG_COMPILER_INCLUDE_ALL_APPICON_ASSETS = NO;
				CODE_SIGN_ENTITLEMENTS = LavoraMi/LavoraMi.entitlements;
				"CODE_SIGN_IDENTITY[sdk=iphoneos*]" = "iPhone Distribution";
				CODE_SIGN_STYLE = Manual;
				CURRENT_PROJECT_VERSION = 0205202616;
				DEVELOPMENT_TEAM = "";
				"DEVELOPMENT_TEAM[sdk=iphoneos*]" = PQ7FQDYZLY;
				ENABLE_PREVIEWS = YES;
				GENERATE_INFOPLIST_FILE = YES;
				INFOPLIST_FILE = LavoraMi/Info.plist;
				INFOPLIST_KEY_LSApplicationCategoryType = "public.app-category.travel";
				INFOPLIST_KEY_NSFaceIDUsageDescription = "Per proteggere i tuoi dati personali e garantire un accesso sicuro al tuo Account.";
				INFOPLIST_KEY_UIApplicationSceneManifest_Generation = YES;
				INFOPLIST_KEY_UIApplicationSupportsIndirectInputEvents = YES;
				INFOPLIST_KEY_UILaunchScreen_Generation = YES;
				INFOPLIST_KEY_UIRequiresFullScreen = YES;
				INFOPLIST_KEY_UISupportedInterfaceOrientations = UIInterfaceOrientationPortrait;
				INFOPLIST_KEY_UISupportedInterfaceOrientations_iPad = "UIInterfaceOrientationPortrait UIInterfaceOrientationPortraitUpsideDown";
				IPHONEOS_DEPLOYMENT_TARGET = 17.4;
				LD_RUNPATH_SEARCH_PATHS = (
					"$(inherited)",
					"@executable_path/Frameworks",
				);
				MARKETING_VERSION = 1.1.4;
				PRODUCT_BUNDLE_IDENTIFIER = com.lavorami.lavoramiapp;
				PRODUCT_NAME = "$(TARGET_NAME)";
				PROVISIONING_PROFILE_SPECIFIER = "";
				"PROVISIONING_PROFILE_SPECIFIER[sdk=iphoneos*]" = "App Store LavoraMi";
				STRING_CATALOG_GENERATE_SYMBOLS = YES;
				SUPPORTED_PLATFORMS = "iphoneos iphonesimulator";
				SUPPORTS_MACCATALYST = NO;
				SUPPORTS_MAC_DESIGNED_FOR_IPHONE_IPAD = NO;
				SUPPORTS_XR_DESIGNED_FOR_IPHONE_IPAD = NO;
				SWIFT_APPROACHABLE_CONCURRENCY = YES;
				SWIFT_DEFAULT_ACTOR_ISOLATION = MainActor;
				SWIFT_EMIT_LOC_STRINGS = YES;
				SWIFT_UPCOMING_FEATURE_MEMBER_IMPORT_VISIBILITY = YES;
				SWIFT_VERSION = 5.0;
				TARGETED_DEVICE_FAMILY = "1,2";
			};
			name = Release;
		};
		6582F3202F1BD9F300F7ADAF /* Debug */ = {
			isa = XCBuildConfiguration;
			buildSettings = {
				ASSETCATALOG_COMPILER_GLOBAL_ACCENT_COLOR_NAME = AccentColor;
				ASSETCATALOG_COMPILER_WIDGET_BACKGROUND_COLOR_NAME = WidgetBackground;
				CODE_SIGN_ENTITLEMENTS = LavoraMiWidgetExtension.entitlements;
				CODE_SIGN_STYLE = Automatic;
				CURRENT_PROJECT_VERSION = 0205202616;
				DEVELOPMENT_TEAM = PQ7FQDYZLY;
				GENERATE_INFOPLIST_FILE = YES;
				INFOPLIST_FILE = LavoraMiWidget/Info.plist;
				INFOPLIST_KEY_CFBundleDisplayName = LavoraMiWidget;
				INFOPLIST_KEY_NSHumanReadableCopyright = "";
				IPHONEOS_DEPLOYMENT_TARGET = 17.4;
				LD_RUNPATH_SEARCH_PATHS = (
					"$(inherited)",
					"@executable_path/Frameworks",
					"@executable_path/../../Frameworks",
				);
				MARKETING_VERSION = 1.1.4;
				PRODUCT_BUNDLE_IDENTIFIER = com.lavorami.lavoramiapp.LavoraMiWidget;
				PRODUCT_NAME = "$(TARGET_NAME)";
				SKIP_INSTALL = YES;
				STRING_CATALOG_GENERATE_SYMBOLS = YES;
				SUPPORTED_PLATFORMS = "iphoneos iphonesimulator";
				SUPPORTS_MACCATALYST = NO;
				SUPPORTS_XR_DESIGNED_FOR_IPHONE_IPAD = NO;
				SWIFT_APPROACHABLE_CONCURRENCY = YES;
				SWIFT_EMIT_LOC_STRINGS = YES;
				SWIFT_UPCOMING_FEATURE_MEMBER_IMPORT_VISIBILITY = YES;
				SWIFT_VERSION = 5.0;
				TARGETED_DEVICE_FAMILY = "1,2";
			};
			name = Debug;
		};
		6582F3212F1BD9F300F7ADAF /* Release */ = {
			isa = XCBuildConfiguration;
			buildSettings = {
				ASSETCATALOG_COMPILER_GLOBAL_ACCENT_COLOR_NAME = AccentColor;
				ASSETCATALOG_COMPILER_WIDGET_BACKGROUND_COLOR_NAME = WidgetBackground;
				CODE_SIGN_ENTITLEMENTS = LavoraMiWidgetExtension.entitlements;
				"CODE_SIGN_IDENTITY[sdk=iphoneos*]" = "iPhone Distribution";
				CODE_SIGN_STYLE = Manual;
				CURRENT_PROJECT_VERSION = 0205202616;
				DEVELOPMENT_TEAM = "";
				"DEVELOPMENT_TEAM[sdk=iphoneos*]" = PQ7FQDYZLY;
				GENERATE_INFOPLIST_FILE = YES;
				INFOPLIST_FILE = LavoraMiWidget/Info.plist;
				INFOPLIST_KEY_CFBundleDisplayName = LavoraMiWidget;
				INFOPLIST_KEY_NSHumanReadableCopyright = "";
				IPHONEOS_DEPLOYMENT_TARGET = 17.4;
				LD_RUNPATH_SEARCH_PATHS = (
					"$(inherited)",
					"@executable_path/Frameworks",
					"@executable_path/../../Frameworks",
				);
				MARKETING_VERSION = 1.1.4;
				PRODUCT_BUNDLE_IDENTIFIER = com.lavorami.lavoramiapp.LavoraMiWidget;
				PRODUCT_NAME = "$(TARGET_NAME)";
				PROVISIONING_PROFILE_SPECIFIER = "";
				"PROVISIONING_PROFILE_SPECIFIER[sdk=iphoneos*]" = "App Store LavoraMi Widget";
				SKIP_INSTALL = YES;
				STRING_CATALOG_GENERATE_SYMBOLS = YES;
				SUPPORTED_PLATFORMS = "iphoneos iphonesimulator";
				SUPPORTS_MACCATALYST = NO;
				SUPPORTS_XR_DESIGNED_FOR_IPHONE_IPAD = NO;
				SWIFT_APPROACHABLE_CONCURRENCY = YES;
				SWIFT_EMIT_LOC_STRINGS = YES;
				SWIFT_UPCOMING_FEATURE_MEMBER_IMPORT_VISIBILITY = YES;
				SWIFT_VERSION = 5.0;
				TARGETED_DEVICE_FAMILY = "1,2";
			};
			name = Release;
		};
/* End XCBuildConfiguration section */

/* Begin XCConfigurationList section */
		65101F552F0BF3EF0078A19C /* Build configuration list for PBXProject "LavoraMi" */ = {
			isa = XCConfigurationList;
			buildConfigurations = (
				65101F632F0BF3F00078A19C /* Debug */,
				65101F642F0BF3F00078A19C /* Release */,
			);
			defaultConfigurationIsVisible = 0;
			defaultConfigurationName = Release;
		};
		65101F652F0BF3F00078A19C /* Build configuration list for PBXNativeTarget "LavoraMi" */ = {
			isa = XCConfigurationList;
			buildConfigurations = (
				65101F662F0BF3F00078A19C /* Debug */,
				65101F672F0BF3F00078A19C /* Release */,
			);
			defaultConfigurationIsVisible = 0;
			defaultConfigurationName = Release;
		};
		6582F31F2F1BD9F300F7ADAF /* Build configuration list for PBXNativeTarget "LavoraMiWidgetExtension" */ = {
			isa = XCConfigurationList;
			buildConfigurations = (
				6582F3202F1BD9F300F7ADAF /* Debug */,
				6582F3212F1BD9F300F7ADAF /* Release */,
			);
			defaultConfigurationIsVisible = 0;
			defaultConfigurationName = Release;
		};
/* End XCConfigurationList section */

/* Begin XCRemoteSwiftPackageReference section */
		652D9B6E2F65A3FA00A4CAAD /* XCRemoteSwiftPackageReference "firebase-ios-sdk" */ = {
			isa = XCRemoteSwiftPackageReference;
			repositoryURL = "https://github.com/firebase/firebase-ios-sdk";
			requirement = {
				kind = upToNextMajorVersion;
				minimumVersion = 12.9.0;
			};
		};
		6531E9AD2F3125BF001B03BB /* XCRemoteSwiftPackageReference "supabase-swift" */ = {
			isa = XCRemoteSwiftPackageReference;
			repositoryURL = "https://github.com/supabase/supabase-swift";
			requirement = {
				kind = upToNextMajorVersion;
				minimumVersion = 2.5.1;
			};
		};
		65632D872F4B6F64007AD01D /* XCRemoteSwiftPackageReference "swiftui-mail-view" */ = {
			isa = XCRemoteSwiftPackageReference;
			repositoryURL = "https://github.com/globulus/swiftui-mail-view";
			requirement = {
				kind = upToNextMajorVersion;
				minimumVersion = 1.0.1;
			};
		};
/* End XCRemoteSwiftPackageReference section */

/* Begin XCSwiftPackageProductDependency section */
		652D9B6F2F65A41C00A4CAAD /* FirebaseAI */ = {
			isa = XCSwiftPackageProductDependency;
			package = 652D9B6E2F65A3FA00A4CAAD /* XCRemoteSwiftPackageReference "firebase-ios-sdk" */;
			productName = FirebaseAI;
		};
		652D9B712F65A41C00A4CAAD /* FirebaseAILogic */ = {
			isa = XCSwiftPackageProductDependency;
			package = 652D9B6E2F65A3FA00A4CAAD /* XCRemoteSwiftPackageReference "firebase-ios-sdk" */;
			productName = FirebaseAILogic;
		};
		652D9B732F65A41C00A4CAAD /* FirebaseAnalytics */ = {
			isa = XCSwiftPackageProductDependency;
			package = 652D9B6E2F65A3FA00A4CAAD /* XCRemoteSwiftPackageReference "firebase-ios-sdk" */;
			productName = FirebaseAnalytics;
		};
		652D9B752F65A41C00A4CAAD /* FirebaseAnalyticsCore */ = {
			isa = XCSwiftPackageProductDependency;
			package = 652D9B6E2F65A3FA00A4CAAD /* XCRemoteSwiftPackageReference "firebase-ios-sdk" */;
			productName = FirebaseAnalyticsCore;
		};
		652D9B772F65A41C00A4CAAD /* FirebaseAnalyticsIdentitySupport */ = {
			isa = XCSwiftPackageProductDependency;
			package = 652D9B6E2F65A3FA00A4CAAD /* XCRemoteSwiftPackageReference "firebase-ios-sdk" */;
			productName = FirebaseAnalyticsIdentitySupport;
		};
		652D9B792F65A41C00A4CAAD /* FirebaseAppCheck */ = {
			isa = XCSwiftPackageProductDependency;
			package = 652D9B6E2F65A3FA00A4CAAD /* XCRemoteSwiftPackageReference "firebase-ios-sdk" */;
			productName = FirebaseAppCheck;
		};
		652D9B7B2F65A41C00A4CAAD /* FirebaseAppDistribution-Beta */ = {
			isa = XCSwiftPackageProductDependency;
			package = 652D9B6E2F65A3FA00A4CAAD /* XCRemoteSwiftPackageReference "firebase-ios-sdk" */;
			productName = "FirebaseAppDistribution-Beta";
		};
		652D9B7D2F65A41C00A4CAAD /* FirebaseAuth */ = {
			isa = XCSwiftPackageProductDependency;
			package = 652D9B6E2F65A3FA00A4CAAD /* XCRemoteSwiftPackageReference "firebase-ios-sdk" */;
			productName = FirebaseAuth;
		};
		652D9B7F2F65A41C00A4CAAD /* FirebaseAuthCombine-Community */ = {
			isa = XCSwiftPackageProductDependency;
			package = 652D9B6E2F65A3FA00A4CAAD /* XCRemoteSwiftPackageReference "firebase-ios-sdk" */;
			productName = "FirebaseAuthCombine-Community";
		};
		652D9B812F65A41C00A4CAAD /* FirebaseCore */ = {
			isa = XCSwiftPackageProductDependency;
			package = 652D9B6E2F65A3FA00A4CAAD /* XCRemoteSwiftPackageReference "firebase-ios-sdk" */;
			productName = FirebaseCore;
		};
		652D9B832F65A41D00A4CAAD /* FirebaseCrashlytics */ = {
			isa = XCSwiftPackageProductDependency;
			package = 652D9B6E2F65A3FA00A4CAAD /* XCRemoteSwiftPackageReference "firebase-ios-sdk" */;
			productName = FirebaseCrashlytics;
		};
		652D9B852F65A41D00A4CAAD /* FirebaseDatabase */ = {
			isa = XCSwiftPackageProductDependency;
			package = 652D9B6E2F65A3FA00A4CAAD /* XCRemoteSwiftPackageReference "firebase-ios-sdk" */;
			productName = FirebaseDatabase;
		};
		652D9B872F65A41D00A4CAAD /* FirebaseFirestore */ = {
			isa = XCSwiftPackageProductDependency;
			package = 652D9B6E2F65A3FA00A4CAAD /* XCRemoteSwiftPackageReference "firebase-ios-sdk" */;
			productName = FirebaseFirestore;
		};
		652D9B892F65A41D00A4CAAD /* FirebaseFirestoreCombine-Community */ = {
			isa = XCSwiftPackageProductDependency;
			package = 652D9B6E2F65A3FA00A4CAAD /* XCRemoteSwiftPackageReference "firebase-ios-sdk" */;
			productName = "FirebaseFirestoreCombine-Community";
		};
		652D9B8B2F65A41D00A4CAAD /* FirebaseFunctions */ = {
			isa = XCSwiftPackageProductDependency;
			package = 652D9B6E2F65A3FA00A4CAAD /* XCRemoteSwiftPackageReference "firebase-ios-sdk" */;
			productName = FirebaseFunctions;
		};
		652D9B8D2F65A41D00A4CAAD /* FirebaseFunctionsCombine-Community */ = {
			isa = XCSwiftPackageProductDependency;
			package = 652D9B6E2F65A3FA00A4CAAD /* XCRemoteSwiftPackageReference "firebase-ios-sdk" */;
			productName = "FirebaseFunctionsCombine-Community";
		};
		652D9B8F2F65A41D00A4CAAD /* FirebaseInAppMessaging-Beta */ = {
			isa = XCSwiftPackageProductDependency;
			package = 652D9B6E2F65A3FA00A4CAAD /* XCRemoteSwiftPackageReference "firebase-ios-sdk" */;
			productName = "FirebaseInAppMessaging-Beta";
		};
		652D9B912F65A41D00A4CAAD /* FirebaseInstallations */ = {
			isa = XCSwiftPackageProductDependency;
			package = 652D9B6E2F65A3FA00A4CAAD /* XCRemoteSwiftPackageReference "firebase-ios-sdk" */;
			productName = FirebaseInstallations;
		};
		652D9B932F65A41D00A4CAAD /* FirebaseMessaging */ = {
			isa = XCSwiftPackageProductDependency;
			package = 652D9B6E2F65A3FA00A4CAAD /* XCRemoteSwiftPackageReference "firebase-ios-sdk" */;
			productName = FirebaseMessaging;
		};
		652D9B952F65A41D00A4CAAD /* FirebaseMLModelDownloader */ = {
			isa = XCSwiftPackageProductDependency;
			package = 652D9B6E2F65A3FA00A4CAAD /* XCRemoteSwiftPackageReference "firebase-ios-sdk" */;
			productName = FirebaseMLModelDownloader;
		};
		652D9B972F65A41D00A4CAAD /* FirebasePerformance */ = {
			isa = XCSwiftPackageProductDependency;
			package = 652D9B6E2F65A3FA00A4CAAD /* XCRemoteSwiftPackageReference "firebase-ios-sdk" */;
			productName = FirebasePerformance;
		};
		652D9B992F65A41D00A4CAAD /* FirebaseRemoteConfig */ = {
			isa = XCSwiftPackageProductDependency;
			package = 652D9B6E2F65A3FA00A4CAAD /* XCRemoteSwiftPackageReference "firebase-ios-sdk" */;
			productName = FirebaseRemoteConfig;
		};
		652D9B9B2F65A41D00A4CAAD /* FirebaseStorage */ = {
			isa = XCSwiftPackageProductDependency;
			package = 652D9B6E2F65A3FA00A4CAAD /* XCRemoteSwiftPackageReference "firebase-ios-sdk" */;
			productName = FirebaseStorage;
		};
		652D9B9D2F65A41D00A4CAAD /* FirebaseStorageCombine-Community */ = {
			isa = XCSwiftPackageProductDependency;
			package = 652D9B6E2F65A3FA00A4CAAD /* XCRemoteSwiftPackageReference "firebase-ios-sdk" */;
			productName = "FirebaseStorageCombine-Community";
		};
		652D9B9F2F65A42600A4CAAD /* FirebaseAI */ = {
			isa = XCSwiftPackageProductDependency;
			package = 652D9B6E2F65A3FA00A4CAAD /* XCRemoteSwiftPackageReference "firebase-ios-sdk" */;
			productName = FirebaseAI;
		};
		652D9BA12F65A42600A4CAAD /* FirebaseAILogic */ = {
			isa = XCSwiftPackageProductDependency;
			package = 652D9B6E2F65A3FA00A4CAAD /* XCRemoteSwiftPackageReference "firebase-ios-sdk" */;
			productName = FirebaseAILogic;
		};
		652D9BA32F65A42600A4CAAD /* FirebaseAnalytics */ = {
			isa = XCSwiftPackageProductDependency;
			package = 652D9B6E2F65A3FA00A4CAAD /* XCRemoteSwiftPackageReference "firebase-ios-sdk" */;
			productName = FirebaseAnalytics;
		};
		652D9BA52F65A42600A4CAAD /* FirebaseAnalyticsCore */ = {
			isa = XCSwiftPackageProductDependency;
			package = 652D9B6E2F65A3FA00A4CAAD /* XCRemoteSwiftPackageReference "firebase-ios-sdk" */;
			productName = FirebaseAnalyticsCore;
		};
		652D9BA72F65A42600A4CAAD /* FirebaseAnalyticsIdentitySupport */ = {
			isa = XCSwiftPackageProductDependency;
			package = 652D9B6E2F65A3FA00A4CAAD /* XCRemoteSwiftPackageReference "firebase-ios-sdk" */;
			productName = FirebaseAnalyticsIdentitySupport;
		};
		652D9BA92F65A42600A4CAAD /* FirebaseAppCheck */ = {
			isa = XCSwiftPackageProductDependency;
			package = 652D9B6E2F65A3FA00A4CAAD /* XCRemoteSwiftPackageReference "firebase-ios-sdk" */;
			productName = FirebaseAppCheck;
		};
		652D9BAB2F65A42600A4CAAD /* FirebaseAppDistribution-Beta */ = {
			isa = XCSwiftPackageProductDependency;
			package = 652D9B6E2F65A3FA00A4CAAD /* XCRemoteSwiftPackageReference "firebase-ios-sdk" */;
			productName = "FirebaseAppDistribution-Beta";
		};
		652D9BAD2F65A42600A4CAAD /* FirebaseAuth */ = {
			isa = XCSwiftPackageProductDependency;
			package = 652D9B6E2F65A3FA00A4CAAD /* XCRemoteSwiftPackageReference "firebase-ios-sdk" */;
			productName = FirebaseAuth;
		};
		652D9BAF2F65A42600A4CAAD /* FirebaseAuthCombine-Community */ = {
			isa = XCSwiftPackageProductDependency;
			package = 652D9B6E2F65A3FA00A4CAAD /* XCRemoteSwiftPackageReference "firebase-ios-sdk" */;
			productName = "FirebaseAuthCombine-Community";
		};
		652D9BB12F65A42600A4CAAD /* FirebaseCore */ = {
			isa = XCSwiftPackageProductDependency;
			package = 652D9B6E2F65A3FA00A4CAAD /* XCRemoteSwiftPackageReference "firebase-ios-sdk" */;
			productName = FirebaseCore;
		};
		652D9BB32F65A42600A4CAAD /* FirebaseCrashlytics */ = {
			isa = XCSwiftPackageProductDependency;
			package = 652D9B6E2F65A3FA00A4CAAD /* XCRemoteSwiftPackageReference "firebase-ios-sdk" */;
			productName = FirebaseCrashlytics;
		};
		652D9BB52F65A42600A4CAAD /* FirebaseDatabase */ = {
			isa = XCSwiftPackageProductDependency;
			package = 652D9B6E2F65A3FA00A4CAAD /* XCRemoteSwiftPackageReference "firebase-ios-sdk" */;
			productName = FirebaseDatabase;
		};
		652D9BB72F65A42600A4CAAD /* FirebaseFirestore */ = {
			isa = XCSwiftPackageProductDependency;
			package = 652D9B6E2F65A3FA00A4CAAD /* XCRemoteSwiftPackageReference "firebase-ios-sdk" */;
			productName = FirebaseFirestore;
		};
		652D9BB92F65A42600A4CAAD /* FirebaseFirestoreCombine-Community */ = {
			isa = XCSwiftPackageProductDependency;
			package = 652D9B6E2F65A3FA00A4CAAD /* XCRemoteSwiftPackageReference "firebase-ios-sdk" */;
			productName = "FirebaseFirestoreCombine-Community";
		};
		652D9BBB2F65A42600A4CAAD /* FirebaseFunctions */ = {
			isa = XCSwiftPackageProductDependency;
			package = 652D9B6E2F65A3FA00A4CAAD /* XCRemoteSwiftPackageReference "firebase-ios-sdk" */;
			productName = FirebaseFunctions;
		};
		652D9BBD2F65A42600A4CAAD /* FirebaseFunctionsCombine-Community */ = {
			isa = XCSwiftPackageProductDependency;
			package = 652D9B6E2F65A3FA00A4CAAD /* XCRemoteSwiftPackageReference "firebase-ios-sdk" */;
			productName = "FirebaseFunctionsCombine-Community";
		};
		652D9BBF2F65A42600A4CAAD /* FirebaseInAppMessaging-Beta */ = {
			isa = XCSwiftPackageProductDependency;
			package = 652D9B6E2F65A3FA00A4CAAD /* XCRemoteSwiftPackageReference "firebase-ios-sdk" */;
			productName = "FirebaseInAppMessaging-Beta";
		};
		652D9BC12F65A42700A4CAAD /* FirebaseInstallations */ = {
			isa = XCSwiftPackageProductDependency;
			package = 652D9B6E2F65A3FA00A4CAAD /* XCRemoteSwiftPackageReference "firebase-ios-sdk" */;
			productName = FirebaseInstallations;
		};
		652D9BC32F65A42700A4CAAD /* FirebaseMessaging */ = {
			isa = XCSwiftPackageProductDependency;
			package = 652D9B6E2F65A3FA00A4CAAD /* XCRemoteSwiftPackageReference "firebase-ios-sdk" */;
			productName = FirebaseMessaging;
		};
		652D9BC52F65A42700A4CAAD /* FirebaseMLModelDownloader */ = {
			isa = XCSwiftPackageProductDependency;
			package = 652D9B6E2F65A3FA00A4CAAD /* XCRemoteSwiftPackageReference "firebase-ios-sdk" */;
			productName = FirebaseMLModelDownloader;
		};
		652D9BC72F65A42700A4CAAD /* FirebasePerformance */ = {
			isa = XCSwiftPackageProductDependency;
			package = 652D9B6E2F65A3FA00A4CAAD /* XCRemoteSwiftPackageReference "firebase-ios-sdk" */;
			productName = FirebasePerformance;
		};
		652D9BC92F65A42700A4CAAD /* FirebaseRemoteConfig */ = {
			isa = XCSwiftPackageProductDependency;
			package = 652D9B6E2F65A3FA00A4CAAD /* XCRemoteSwiftPackageReference "firebase-ios-sdk" */;
			productName = FirebaseRemoteConfig;
		};
		652D9BCB2F65A42700A4CAAD /* FirebaseStorage */ = {
			isa = XCSwiftPackageProductDependency;
			package = 652D9B6E2F65A3FA00A4CAAD /* XCRemoteSwiftPackageReference "firebase-ios-sdk" */;
			productName = FirebaseStorage;
		};
		652D9BCD2F65A42700A4CAAD /* FirebaseStorageCombine-Community */ = {
			isa = XCSwiftPackageProductDependency;
			package = 652D9B6E2F65A3FA00A4CAAD /* XCRemoteSwiftPackageReference "firebase-ios-sdk" */;
			productName = "FirebaseStorageCombine-Community";
		};
		6531E9AE2F3125BF001B03BB /* Auth */ = {
			isa = XCSwiftPackageProductDependency;
			package = 6531E9AD2F3125BF001B03BB /* XCRemoteSwiftPackageReference "supabase-swift" */;
			productName = Auth;
		};
		6531E9B02F3125BF001B03BB /* Functions */ = {
			isa = XCSwiftPackageProductDependency;
			package = 6531E9AD2F3125BF001B03BB /* XCRemoteSwiftPackageReference "supabase-swift" */;
			productName = Functions;
		};
		6531E9B22F3125BF001B03BB /* PostgREST */ = {
			isa = XCSwiftPackageProductDependency;
			package = 6531E9AD2F3125BF001B03BB /* XCRemoteSwiftPackageReference "supabase-swift" */;
			productName = PostgREST;
		};
		6531E9B42F3125BF001B03BB /* Realtime */ = {
			isa = XCSwiftPackageProductDependency;
			package = 6531E9AD2F3125BF001B03BB /* XCRemoteSwiftPackageReference "supabase-swift" */;
			productName = Realtime;
		};
		6531E9B62F3125BF001B03BB /* Storage */ = {
			isa = XCSwiftPackageProductDependency;
			package = 6531E9AD2F3125BF001B03BB /* XCRemoteSwiftPackageReference "supabase-swift" */;
			productName = Storage;
		};
		6531E9C12F312892001B03BB /* Supabase */ = {
			isa = XCSwiftPackageProductDependency;
			package = 6531E9AD2F3125BF001B03BB /* XCRemoteSwiftPackageReference "supabase-swift" */;
			productName = Supabase;
		};
		6531E9CA2F312C29001B03BB /* Functions */ = {
			isa = XCSwiftPackageProductDependency;
			package = 6531E9AD2F3125BF001B03BB /* XCRemoteSwiftPackageReference "supabase-swift" */;
			productName = Functions;
		};
		6531E9CC2F312C29001B03BB /* PostgREST */ = {
			isa = XCSwiftPackageProductDependency;
			package = 6531E9AD2F3125BF001B03BB /* XCRemoteSwiftPackageReference "supabase-swift" */;
			productName = PostgREST;
		};
		6531E9CE2F312C29001B03BB /* Realtime */ = {
			isa = XCSwiftPackageProductDependency;
			package = 6531E9AD2F3125BF001B03BB /* XCRemoteSwiftPackageReference "supabase-swift" */;
			productName = Realtime;
		};
		6531E9D02F312C29001B03BB /* Storage */ = {
			isa = XCSwiftPackageProductDependency;
			package = 6531E9AD2F3125BF001B03BB /* XCRemoteSwiftPackageReference "supabase-swift" */;
			productName = Storage;
		};
		6531E9D22F312C29001B03BB /* Supabase */ = {
			isa = XCSwiftPackageProductDependency;
			package = 6531E9AD2F3125BF001B03BB /* XCRemoteSwiftPackageReference "supabase-swift" */;
			productName = Supabase;
		};
		65632D882F4B6FA3007AD01D /* SwiftUIMailView */ = {
			isa = XCSwiftPackageProductDependency;
			package = 65632D872F4B6F64007AD01D /* XCRemoteSwiftPackageReference "swiftui-mail-view" */;
			productName = SwiftUIMailView;
		};
		65632D8A2F4B70CD007AD01D /* SwiftUIMailView */ = {
			isa = XCSwiftPackageProductDependency;
			package = 65632D872F4B6F64007AD01D /* XCRemoteSwiftPackageReference "swiftui-mail-view" */;
			productName = SwiftUIMailView;
		};
/* End XCSwiftPackageProductDependency section */
	};
	rootObject = 65101F522F0BF3EF0078A19C /* Project object */;
}
